<Solution>
  <Folder Name="/benchmarks/">
    <Project Path="benchmarks/YobaLog.Benchmarks/YobaLog.Benchmarks.csproj" />
  </Folder>
  <Folder Name="/src/">
    <Project Path="src/YobaLog.Core/YobaLog.Core.csproj" />
    <Project Path="src/YobaLog.Web/YobaLog.Web.csproj" />
  </Folder>
  <Folder Name="/tests/">
    <Project Path="tests/YobaLog.Tests/YobaLog.Tests.csproj" />
  </Folder>
</Solution>
